
Microsoft Visual Studio Solution File, Format Version 12.00
# Visual Studio Version 16
VisualStudioVersion = 16.0.29209.62
MinimumVisualStudioVersion = 10.0.40219.1
Project("{FAE04EC0-301F-11D3-BF4B-00C04F79EFBC}") = "pos.PL", "pos.PL\pos.PL.csproj", "{F1786D58-4251-4DA3-8755-4D1220B983DA}"
EndProject
Project("{9A19103F-16F7-4668-BE54-9A1E7A4F7556}") = "pos.EL", "pos.EL\pos.EL.csproj", "{A2445956-6CCF-4005-A63C-2117C8D01BE9}"
EndProject
Project("{9A19103F-16F7-4668-BE54-9A1E7A4F7556}") = "pos.DL", "pos.DL\pos.DL.csproj", "{54B5B9AA-C3B7-481E-A1AA-27A31473C7AA}"
EndProject
Project("{9A19103F-16F7-4668-BE54-9A1E7A4F7556}") = "pos.BL", "pos.BL\pos.BL.csproj", "{8619FCC8-FD5F-4630-BFFC-7A5AA3F4839A}"
EndProject
Global
	GlobalSection(SolutionConfigurationPlatforms) = preSolution
		Debug|Any CPU = Debug|Any CPU
		Release|Any CPU = Release|Any CPU
	EndGlobalSection
	GlobalSection(ProjectConfigurationPlatforms) = postSolution
		{F1786D58-4251-4DA3-8755-4D1220B983DA}.Debug|Any CPU.ActiveCfg = Debug|Any CPU
		{F1786D58-4251-4DA3-8755-4D1220B983DA}.Debug|Any CPU.Build.0 = Debug|Any CPU
		{F1786D58-4251-4DA3-8755-4D1220B983DA}.Release|Any CPU.ActiveCfg = Release|Any CPU
		{F1786D58-4251-4DA3-8755-4D1220B983DA}.Release|Any CPU.Build.0 = Release|Any CPU
		{A2445956-6CCF-4005-A63C-2117C8D01BE9}.Debug|Any CPU.ActiveCfg = Debug|Any CPU
		{A2445956-6CCF-4005-A63C-2117C8D01BE9}.Debug|Any CPU.Build.0 = Debug|Any CPU
		{A2445956-6CCF-4005-A63C-2117C8D01BE9}.Release|Any CPU.ActiveCfg = Release|Any CPU
		{A2445956-6CCF-4005-A63C-2117C8D01BE9}.Release|Any CPU.Build.0 = Release|Any CPU
		{54B5B9AA-C3B7-481E-A1AA-27A31473C7AA}.Debug|Any CPU.ActiveCfg = Debug|Any CPU
		{54B5B9AA-C3B7-481E-A1AA-27A31473C7AA}.Debug|Any CPU.Build.0 = Debug|Any CPU
		{54B5B9AA-C3B7-481E-A1AA-27A31473C7AA}.Release|Any CPU.ActiveCfg = Release|Any CPU
		{54B5B9AA-C3B7-481E-A1AA-27A31473C7AA}.Release|Any CPU.Build.0 = Release|Any CPU
		{8619FCC8-FD5F-4630-BFFC-7A5AA3F4839A}.Debug|Any CPU.ActiveCfg = Debug|Any CPU
		{8619FCC8-FD5F-4630-BFFC-7A5AA3F4839A}.Debug|Any CPU.Build.0 = Debug|Any CPU
		{8619FCC8-FD5F-4630-BFFC-7A5AA3F4839A}.Release|Any CPU.ActiveCfg = Release|Any CPU
		{8619FCC8-FD5F-4630-BFFC-7A5AA3F4839A}.Release|Any CPU.Build.0 = Release|Any CPU
	EndGlobalSection
	GlobalSection(SolutionProperties) = preSolution
		HideSolutionNode = FALSE
	EndGlobalSection
	GlobalSection(ExtensibilityGlobals) = postSolution
		SolutionGuid = {8790D65B-A55D-4B1E-B861-ADED5BF6620C}
	EndGlobalSection
EndGlobal
